Microsoft Visual Studio Solution File, Format Version 12.00
# Visual Studio 2012
Project("{FAE04EC0-301F-11D3-BF4B-00C04F79EFBC}") = "Procedural animation", "Procedural animation.csproj", "{28FF8D4D-B757-45A5-86FC-2C4DC1BBD81F}"
EndProject
Global
	GlobalSection(SolutionConfigurationPlatforms) = preSolution
	Debug|Any CPU = Debug|Any CPU
	ExportDebug|Any CPU = ExportDebug|Any CPU
	ExportRelease|Any CPU = ExportRelease|Any CPU
	EndGlobalSection
	GlobalSection(ProjectConfigurationPlatforms) = postSolution
		{28FF8D4D-B757-45A5-86FC-2C4DC1BBD81F}.Debug|Any CPU.ActiveCfg = Debug|Any CPU
		{28FF8D4D-B757-45A5-86FC-2C4DC1BBD81F}.Debug|Any CPU.Build.0 = Debug|Any CPU
		{28FF8D4D-B757-45A5-86FC-2C4DC1BBD81F}.ExportDebug|Any CPU.ActiveCfg = ExportDebug|Any CPU
		{28FF8D4D-B757-45A5-86FC-2C4DC1BBD81F}.ExportDebug|Any CPU.Build.0 = ExportDebug|Any CPU
		{28FF8D4D-B757-45A5-86FC-2C4DC1BBD81F}.ExportRelease|Any CPU.ActiveCfg = ExportRelease|Any CPU
		{28FF8D4D-B757-45A5-86FC-2C4DC1BBD81F}.ExportRelease|Any CPU.Build.0 = ExportRelease|Any CPU
	EndGlobalSection
EndGlobal
